
Microsoft Visual Studio Solution File, Format Version 12.00
# Visual Studio Version 17
VisualStudioVersion = 17.8.34511.84
MinimumVisualStudioVersion = 10.0.40219.1
Project("{FAE04EC0-301F-11D3-BF4B-00C04F79EFBC}") = "ThriftStore.Api", "ThriftStore.Api\ThriftStore.Api.csproj", "{B542627A-E230-40CF-8E12-2C12E23974E8}"
EndProject
Global
	GlobalSection(SolutionConfigurationPlatforms) = preSolution
		Debug|Any CPU = Debug|Any CPU
		Release|Any CPU = Release|Any CPU
	EndGlobalSection
	GlobalSection(ProjectConfigurationPlatforms) = postSolution
		{B542627A-E230-40CF-8E12-2C12E23974E8}.Debug|Any CPU.ActiveCfg = Debug|Any CPU
		{B542627A-E230-40CF-8E12-2C12E23974E8}.Debug|Any CPU.Build.0 = Debug|Any CPU
		{B542627A-E230-40CF-8E12-2C12E23974E8}.Release|Any CPU.ActiveCfg = Release|Any CPU
		{B542627A-E230-40CF-8E12-2C12E23974E8}.Release|Any CPU.Build.0 = Release|Any CPU
	EndGlobalSection
	GlobalSection(SolutionProperties) = preSolution
		HideSolutionNode = FALSE
	EndGlobalSection
	GlobalSection(ExtensibilityGlobals) = postSolution
		SolutionGuid = {88C9F8DE-A75C-4315-8294-FF1BCF0CD69B}
	EndGlobalSection
EndGlobal
