
Microsoft Visual Studio Solution File, Format Version 12.00
# Visual Studio Version 17
VisualStudioVersion = 17.8.34511.84
MinimumVisualStudioVersion = 10.0.40219.1
Project("{9A19103F-16F7-4668-BE54-9A1E7A4F7556}") = "ThriftStore.Api", "ThriftStore.Api\ThriftStore.Api.csproj", "{B542627A-E230-40CF-8E12-2C12E23974E8}"
EndProject
Project("{9A19103F-16F7-4668-BE54-9A1E7A4F7556}") = "ThriftStore.Infrastructure", "ThriftStore.Infrastructure\ThriftStore.Infrastructure.csproj", "{D25DF1BD-AA7E-4345-8C15-0449D23DFE16}"
EndProject
Project("{9A19103F-16F7-4668-BE54-9A1E7A4F7556}") = "ThriftStore.Application", "ThriftStore.Application\ThriftStore.Application.csproj", "{E4986C33-0755-4774-A670-A925073FBD0B}"
EndProject
Project("{9A19103F-16F7-4668-BE54-9A1E7A4F7556}") = "ThriftStore.IoC", "ThriftStore.IoC\ThriftStore.IoC.csproj", "{FC11F2C7-074D-472B-88E5-EE24FEDA7F37}"
EndProject
Project("{FAE04EC0-301F-11D3-BF4B-00C04F79EFBC}") = "ThriftStore.Tests", "ThriftStore.Tests\ThriftStore.Tests.csproj", "{CEBC705D-8707-4023-BDDE-4968160B3958}"
EndProject
Global
	GlobalSection(SolutionConfigurationPlatforms) = preSolution
		Debug|Any CPU = Debug|Any CPU
		Release|Any CPU = Release|Any CPU
	EndGlobalSection
	GlobalSection(ProjectConfigurationPlatforms) = postSolution
		{B542627A-E230-40CF-8E12-2C12E23974E8}.Debug|Any CPU.ActiveCfg = Debug|Any CPU
		{B542627A-E230-40CF-8E12-2C12E23974E8}.Debug|Any CPU.Build.0 = Debug|Any CPU
		{B542627A-E230-40CF-8E12-2C12E23974E8}.Release|Any CPU.ActiveCfg = Release|Any CPU
		{B542627A-E230-40CF-8E12-2C12E23974E8}.Release|Any CPU.Build.0 = Release|Any CPU
		{D25DF1BD-AA7E-4345-8C15-0449D23DFE16}.Debug|Any CPU.ActiveCfg = Debug|Any CPU
		{D25DF1BD-AA7E-4345-8C15-0449D23DFE16}.Debug|Any CPU.Build.0 = Debug|Any CPU
		{D25DF1BD-AA7E-4345-8C15-0449D23DFE16}.Release|Any CPU.ActiveCfg = Release|Any CPU
		{D25DF1BD-AA7E-4345-8C15-0449D23DFE16}.Release|Any CPU.Build.0 = Release|Any CPU
		{E4986C33-0755-4774-A670-A925073FBD0B}.Debug|Any CPU.ActiveCfg = Debug|Any CPU
		{E4986C33-0755-4774-A670-A925073FBD0B}.Debug|Any CPU.Build.0 = Debug|Any CPU
		{E4986C33-0755-4774-A670-A925073FBD0B}.Release|Any CPU.ActiveCfg = Release|Any CPU
		{E4986C33-0755-4774-A670-A925073FBD0B}.Release|Any CPU.Build.0 = Release|Any CPU
		{FC11F2C7-074D-472B-88E5-EE24FEDA7F37}.Debug|Any CPU.ActiveCfg = Debug|Any CPU
		{FC11F2C7-074D-472B-88E5-EE24FEDA7F37}.Debug|Any CPU.Build.0 = Debug|Any CPU
		{FC11F2C7-074D-472B-88E5-EE24FEDA7F37}.Release|Any CPU.ActiveCfg = Release|Any CPU
		{FC11F2C7-074D-472B-88E5-EE24FEDA7F37}.Release|Any CPU.Build.0 = Release|Any CPU
		{CEBC705D-8707-4023-BDDE-4968160B3958}.Debug|Any CPU.ActiveCfg = Debug|Any CPU
		{CEBC705D-8707-4023-BDDE-4968160B3958}.Debug|Any CPU.Build.0 = Debug|Any CPU
		{CEBC705D-8707-4023-BDDE-4968160B3958}.Release|Any CPU.ActiveCfg = Release|Any CPU
		{CEBC705D-8707-4023-BDDE-4968160B3958}.Release|Any CPU.Build.0 = Release|Any CPU
	EndGlobalSection
	GlobalSection(SolutionProperties) = preSolution
		HideSolutionNode = FALSE
	EndGlobalSection
	GlobalSection(ExtensibilityGlobals) = postSolution
		SolutionGuid = {88C9F8DE-A75C-4315-8294-FF1BCF0CD69B}
	EndGlobalSection
EndGlobal
